# This file is automatically @generated by Cargo.
# It is not intended for manual editing.
version = 4

[[package]]
name = "ultibuilder"
version = "0.3.0"
dependencies = [
 "ultijson",
 "ultimd2html",
 "ultiminify",
]

[[package]]
name = "ultidocs-cli"
version = "0.3.0"
dependencies = [
 "ultibuilder",
 "ultilinter",
]

[[package]]
name = "ultihighlighter"
version = "0.3.0"

[[package]]
name = "ultijson"
version = "0.3.0"

[[package]]
name = "ultilinter"
version = "0.3.0"

[[package]]
name = "ultimd2html"
version = "0.3.0"
dependencies = [
 "ultihighlighter",
]

[[package]]
name = "ultiminify"
version = "0.3.0"
