# This file is automatically @generated by Cargo.
# It is not intended for manual editing.
version = 4

[[package]]
name = "highlighter"
version = "0.1.0"

[[package]]
name = "md2html"
version = "0.1.0"
dependencies = [
 "highlighter",
]

[[package]]
name = "ultibuilder"
version = "0.1.0"
dependencies = [
 "md2html",
 "ultijson",
 "ultiminify",
]

[[package]]
name = "ultidocs-cli"
version = "0.1.0"
dependencies = [
 "ultibuilder",
 "ultilinter",
]

[[package]]
name = "ultijson"
version = "0.1.0"

[[package]]
name = "ultilinter"
version = "0.1.0"

[[package]]
name = "ultiminify"
version = "0.1.0"
