# This file is automatically @generated by Cargo.
# It is not intended for manual editing.
version = 4

[[package]]
name = "ultibuilder"
version = "0.3.8"
dependencies = [
 "ultidocs-macros",
 "ultijson",
 "ultimd2html",
 "ultiminify",
]

[[package]]
name = "ultidocs-cli"
version = "0.3.8"
dependencies = [
 "ultibuilder",
 "ultidocs-macros",
 "ultilinter",
]

[[package]]
name = "ultidocs-macros"
version = "0.3.8"
dependencies = [
 "ultiminify",
]

[[package]]
name = "ultihighlighter"
version = "0.3.8"
dependencies = [
 "ultidocs-macros",
]

[[package]]
name = "ultijson"
version = "0.3.8"

[[package]]
name = "ultilinter"
version = "0.3.8"

[[package]]
name = "ultimd2html"
version = "0.3.8"
dependencies = [
 "ultidocs-macros",
 "ultihighlighter",
]

[[package]]
name = "ultiminify"
version = "0.3.8"
